// !$*UTF8*$!
{
	archiveVersion = 1;
	classes = {
	};
	objectVersion = 56;
	objects = {

/* Begin PBXBuildFile section */
		9B4F6C9128ED567200770843 /* AppDelegate.swift in Sources */ = {isa = PBXBuildFile; fileRef = 9B4F6C9028ED567200770843 /* AppDelegate.swift */; };
		9B4F6C9328ED567200770843 /* SceneDelegate.swift in Sources */ = {isa = PBXBuildFile; fileRef = 9B4F6C9228ED567200770843 /* SceneDelegate.swift */; };
		9B4F6C9528ED567200770843 /* ButtonsViewController.swift in Sources */ = {isa = PBXBuildFile; fileRef = 9B4F6C9428ED567200770843 /* ButtonsViewController.swift */; };
		9B4F6C9A28ED567200770843 /* Assets.xcassets in Resources */ = {isa = PBXBuildFile; fileRef = 9B4F6C9928ED567200770843 /* Assets.xcassets */; };
		9B4F6C9D28ED567200770843 /* LaunchScreen.storyboard in Resources */ = {isa = PBXBuildFile; fileRef = 9B4F6C9B28ED567200770843 /* LaunchScreen.storyboard */; };
		9B4F6CA528ED628900770843 /* BlueViewController.swift in Sources */ = {isa = PBXBuildFile; fileRef = 9B4F6CA428ED628900770843 /* BlueViewController.swift */; };
		9B4F6CA728ED629B00770843 /* RedViewController.swift in Sources */ = {isa = PBXBuildFile; fileRef = 9B4F6CA628ED629B00770843 /* RedViewController.swift */; };
		9B4F6CA928ED62C700770843 /* ButtonCoordinator.swift in Sources */ = {isa = PBXBuildFile; fileRef = 9B4F6CA828ED62C700770843 /* ButtonCoordinator.swift */; };
		9B4F6CAB28ED672200770843 /* ButtonsVewModel.swift in Sources */ = {isa = PBXBuildFile; fileRef = 9B4F6CAA28ED672200770843 /* ButtonsVewModel.swift */; };
		9B4F6CAD28ED681700770843 /* ButtonsUseCase.swift in Sources */ = {isa = PBXBuildFile; fileRef = 9B4F6CAC28ED681700770843 /* ButtonsUseCase.swift */; };
		9B4F6CB028ED6A1A00770843 /* SnapKit in Frameworks */ = {isa = PBXBuildFile; productRef = 9B4F6CAF28ED6A1A00770843 /* SnapKit */; };
		9B4F6CB328ED6A2C00770843 /* RxBlocking in Frameworks */ = {isa = PBXBuildFile; productRef = 9B4F6CB228ED6A2C00770843 /* RxBlocking */; };
		9B4F6CB528ED6A2C00770843 /* RxCocoa in Frameworks */ = {isa = PBXBuildFile; productRef = 9B4F6CB428ED6A2C00770843 /* RxCocoa */; };
		9B4F6CB728ED6A2C00770843 /* RxRelay in Frameworks */ = {isa = PBXBuildFile; productRef = 9B4F6CB628ED6A2C00770843 /* RxRelay */; };
		9B4F6CB928ED6A2C00770843 /* RxSwift in Frameworks */ = {isa = PBXBuildFile; productRef = 9B4F6CB828ED6A2C00770843 /* RxSwift */; };
		9B4F6CBB28ED6F4700770843 /* ButtonsDIContainer.swift in Sources */ = {isa = PBXBuildFile; fileRef = 9B4F6CBA28ED6F4700770843 /* ButtonsDIContainer.swift */; };
		9B4F6CBD28ED732900770843 /* MainViewController.swift in Sources */ = {isa = PBXBuildFile; fileRef = 9B4F6CBC28ED732900770843 /* MainViewController.swift */; };
/* End PBXBuildFile section */

/* Begin PBXFileReference section */
		9B4F6C8D28ED567200770843 /* CoordinatorPatern.app */ = {isa = PBXFileReference; explicitFileType = wrapper.application; includeInIndex = 0; path = CoordinatorPatern.app; sourceTree = BUILT_PRODUCTS_DIR; };
		9B4F6C9028ED567200770843 /* AppDelegate.swift */ = {isa = PBXFileReference; lastKnownFileType = sourcecode.swift; path = AppDelegate.swift; sourceTree = "<group>"; };
		9B4F6C9228ED567200770843 /* SceneDelegate.swift */ = {isa = PBXFileReference; lastKnownFileType = sourcecode.swift; path = SceneDelegate.swift; sourceTree = "<group>"; };
		9B4F6C9428ED567200770843 /* ButtonsViewController.swift */ = {isa = PBXFileReference; lastKnownFileType = sourcecode.swift; path = ButtonsViewController.swift; sourceTree = "<group>"; };
		9B4F6C9928ED567200770843 /* Assets.xcassets */ = {isa = PBXFileReference; lastKnownFileType = folder.assetcatalog; path = Assets.xcassets; sourceTree = "<group>"; };
		9B4F6C9C28ED567200770843 /* Base */ = {isa = PBXFileReference; lastKnownFileType = file.storyboard; name = Base; path = Base.lproj/LaunchScreen.storyboard; sourceTree = "<group>"; };
		9B4F6C9E28ED567200770843 /* Info.plist */ = {isa = PBXFileReference; lastKnownFileType = text.plist.xml; path = Info.plist; sourceTree = "<group>"; };
		9B4F6CA428ED628900770843 /* BlueViewController.swift */ = {isa = PBXFileReference; lastKnownFileType = sourcecode.swift; path = BlueViewController.swift; sourceTree = "<group>"; };
		9B4F6CA628ED629B00770843 /* RedViewController.swift */ = {isa = PBXFileReference; lastKnownFileType = sourcecode.swift; path = RedViewController.swift; sourceTree = "<group>"; };
		9B4F6CA828ED62C700770843 /* ButtonCoordinator.swift */ = {isa = PBXFileReference; lastKnownFileType = sourcecode.swift; path = ButtonCoordinator.swift; sourceTree = "<group>"; };
		9B4F6CAA28ED672200770843 /* ButtonsVewModel.swift */ = {isa = PBXFileReference; lastKnownFileType = sourcecode.swift; path = ButtonsVewModel.swift; sourceTree = "<group>"; };
		9B4F6CAC28ED681700770843 /* ButtonsUseCase.swift */ = {isa = PBXFileReference; lastKnownFileType = sourcecode.swift; path = ButtonsUseCase.swift; sourceTree = "<group>"; };
		9B4F6CBA28ED6F4700770843 /* ButtonsDIContainer.swift */ = {isa = PBXFileReference; lastKnownFileType = sourcecode.swift; path = ButtonsDIContainer.swift; sourceTree = "<group>"; };
		9B4F6CBC28ED732900770843 /* MainViewController.swift */ = {isa = PBXFileReference; lastKnownFileType = sourcecode.swift; path = MainViewController.swift; sourceTree = "<group>"; };
/* End PBXFileReference section */

/* Begin PBXFrameworksBuildPhase section */
		9B4F6C8A28ED567200770843 /* Frameworks */ = {
			isa = PBXFrameworksBuildPhase;
			buildActionMask = 2147483647;
			files = (
				9B4F6CB528ED6A2C00770843 /* RxCocoa in Frameworks */,
				9B4F6CB028ED6A1A00770843 /* SnapKit in Frameworks */,
				9B4F6CB928ED6A2C00770843 /* RxSwift in Frameworks */,
				9B4F6CB728ED6A2C00770843 /* RxRelay in Frameworks */,
				9B4F6CB328ED6A2C00770843 /* RxBlocking in Frameworks */,
			);
			runOnlyForDeploymentPostprocessing = 0;
		};
/* End PBXFrameworksBuildPhase section */

/* Begin PBXGroup section */
		9B4F6C8428ED567200770843 = {
			isa = PBXGroup;
			children = (
				9B4F6C8F28ED567200770843 /* CoordinatorPatern */,
				9B4F6C8E28ED567200770843 /* Products */,
			);
			sourceTree = "<group>";
		};
		9B4F6C8E28ED567200770843 /* Products */ = {
			isa = PBXGroup;
			children = (
				9B4F6C8D28ED567200770843 /* CoordinatorPatern.app */,
			);
			name = Products;
			sourceTree = "<group>";
		};
		9B4F6C8F28ED567200770843 /* CoordinatorPatern */ = {
			isa = PBXGroup;
			children = (
				9B4F6C9028ED567200770843 /* AppDelegate.swift */,
				9B4F6C9228ED567200770843 /* SceneDelegate.swift */,
				9B4F6C9428ED567200770843 /* ButtonsViewController.swift */,
				9B4F6C9928ED567200770843 /* Assets.xcassets */,
				9B4F6C9B28ED567200770843 /* LaunchScreen.storyboard */,
				9B4F6C9E28ED567200770843 /* Info.plist */,
				9B4F6CA428ED628900770843 /* BlueViewController.swift */,
				9B4F6CA628ED629B00770843 /* RedViewController.swift */,
				9B4F6CA828ED62C700770843 /* ButtonCoordinator.swift */,
				9B4F6CAA28ED672200770843 /* ButtonsVewModel.swift */,
				9B4F6CAC28ED681700770843 /* ButtonsUseCase.swift */,
				9B4F6CBA28ED6F4700770843 /* ButtonsDIContainer.swift */,
				9B4F6CBC28ED732900770843 /* MainViewController.swift */,
			);
			path = CoordinatorPatern;
			sourceTree = "<group>";
		};
/* End PBXGroup section */

/* Begin PBXNativeTarget section */
		9B4F6C8C28ED567200770843 /* CoordinatorPatern */ = {
			isa = PBXNativeTarget;
			buildConfigurationList = 9B4F6CA128ED567200770843 /* Build configuration list for PBXNativeTarget "CoordinatorPatern" */;
			buildPhases = (
				9B4F6C8928ED567200770843 /* Sources */,
				9B4F6C8A28ED567200770843 /* Frameworks */,
				9B4F6C8B28ED567200770843 /* Resources */,
			);
			buildRules = (
			);
			dependencies = (
			);
			name = CoordinatorPatern;
			packageProductDependencies = (
				9B4F6CAF28ED6A1A00770843 /* SnapKit */,
				9B4F6CB228ED6A2C00770843 /* RxBlocking */,
				9B4F6CB428ED6A2C00770843 /* RxCocoa */,
				9B4F6CB628ED6A2C00770843 /* RxRelay */,
				9B4F6CB828ED6A2C00770843 /* RxSwift */,
			);
			productName = CoordinatorPatern;
			productReference = 9B4F6C8D28ED567200770843 /* CoordinatorPatern.app */;
			productType = "com.apple.product-type.application";
		};
/* End PBXNativeTarget section */

/* Begin PBXProject section */
		9B4F6C8528ED567200770843 /* Project object */ = {
			isa = PBXProject;
			attributes = {
				BuildIndependentTargetsInParallel = 1;
				LastSwiftUpdateCheck = 1400;
				LastUpgradeCheck = 1400;
				TargetAttributes = {
					9B4F6C8C28ED567200770843 = {
						CreatedOnToolsVersion = 14.0;
					};
				};
			};
			buildConfigurationList = 9B4F6C8828ED567200770843 /* Build configuration list for PBXProject "CoordinatorPatern" */;
			compatibilityVersion = "Xcode 14.0";
			developmentRegion = en;
			hasScannedForEncodings = 0;
			knownRegions = (
				en,
				Base,
			);
			mainGroup = 9B4F6C8428ED567200770843;
			packageReferences = (
				9B4F6CAE28ED6A1A00770843 /* XCRemoteSwiftPackageReference "SnapKit" */,
				9B4F6CB128ED6A2C00770843 /* XCRemoteSwiftPackageReference "RxSwift" */,
			);
			productRefGroup = 9B4F6C8E28ED567200770843 /* Products */;
			projectDirPath = "";
			projectRoot = "";
			targets = (
				9B4F6C8C28ED567200770843 /* CoordinatorPatern */,
			);
		};
/* End PBXProject section */

/* Begin PBXResourcesBuildPhase section */
		9B4F6C8B28ED567200770843 /* Resources */ = {
			isa = PBXResourcesBuildPhase;
			buildActionMask = 2147483647;
			files = (
				9B4F6C9D28ED567200770843 /* LaunchScreen.storyboard in Resources */,
				9B4F6C9A28ED567200770843 /* Assets.xcassets in Resources */,
			);
			runOnlyForDeploymentPostprocessing = 0;
		};
/* End PBXResourcesBuildPhase section */

/* Begin PBXSourcesBuildPhase section */
		9B4F6C8928ED567200770843 /* Sources */ = {
			isa = PBXSourcesBuildPhase;
			buildActionMask = 2147483647;
			files = (
				9B4F6CA928ED62C700770843 /* ButtonCoordinator.swift in Sources */,
				9B4F6CA728ED629B00770843 /* RedViewController.swift in Sources */,
				9B4F6C9528ED567200770843 /* ButtonsViewController.swift in Sources */,
				9B4F6C9128ED567200770843 /* AppDelegate.swift in Sources */,
				9B4F6CAB28ED672200770843 /* ButtonsVewModel.swift in Sources */,
				9B4F6CA528ED628900770843 /* BlueViewController.swift in Sources */,
				9B4F6C9328ED567200770843 /* SceneDelegate.swift in Sources */,
				9B4F6CAD28ED681700770843 /* ButtonsUseCase.swift in Sources */,
				9B4F6CBB28ED6F4700770843 /* ButtonsDIContainer.swift in Sources */,
				9B4F6CBD28ED732900770843 /* MainViewController.swift in Sources */,
			);
			runOnlyForDeploymentPostprocessing = 0;
		};
/* End PBXSourcesBuildPhase section */

/* Begin PBXVariantGroup section */
		9B4F6C9B28ED567200770843 /* LaunchScreen.storyboard */ = {
			isa = PBXVariantGroup;
			children = (
				9B4F6C9C28ED567200770843 /* Base */,
			);
			name = LaunchScreen.storyboard;
			sourceTree = "<group>";
		};
/* End PBXVariantGroup section */

/* Begin XCBuildConfiguration section */
		9B4F6C9F28ED567200770843 /* Debug */ = {
			isa = XCBuildConfiguration;
			buildSettings = {
				ALWAYS_SEARCH_USER_PATHS = NO;
				CLANG_ANALYZER_NONNULL = YES;
				CLANG_ANALYZER_NUMBER_OBJECT_CONVERSION = YES_AGGRESSIVE;
				CLANG_CXX_LANGUAGE_STANDARD = "gnu++20";
				CLANG_ENABLE_MODULES = YES;
				CLANG_ENABLE_OBJC_ARC = YES;
				CLANG_ENABLE_OBJC_WEAK = YES;
				CLANG_WARN_BLOCK_CAPTURE_AUTORELEASING = YES;
				CLANG_WARN_BOOL_CONVERSION = YES;
				CLANG_WARN_COMMA = YES;
				CLANG_WARN_CONSTANT_CONVERSION = YES;
				CLANG_WARN_DEPRECATED_OBJC_IMPLEMENTATIONS = YES;
				CLANG_WARN_DIRECT_OBJC_ISA_USAGE = YES_ERROR;
				CLANG_WARN_DOCUMENTATION_COMMENTS = YES;
				CLANG_WARN_EMPTY_BODY = YES;
				CLANG_WARN_ENUM_CONVERSION = YES;
				CLANG_WARN_INFINITE_RECURSION = YES;
				CLANG_WARN_INT_CONVERSION = YES;
				CLANG_WARN_NON_LITERAL_NULL_CONVERSION = YES;
				CLANG_WARN_OBJC_IMPLICIT_RETAIN_SELF = YES;
				CLANG_WARN_OBJC_LITERAL_CONVERSION = YES;
				CLANG_WARN_OBJC_ROOT_CLASS = YES_ERROR;
				CLANG_WARN_QUOTED_INCLUDE_IN_FRAMEWORK_HEADER = YES;
				CLANG_WARN_RANGE_LOOP_ANALYSIS = YES;
				CLANG_WARN_STRICT_PROTOTYPES = YES;
				CLANG_WARN_SUSPICIOUS_MOVE = YES;
				CLANG_WARN_UNGUARDED_AVAILABILITY = YES_AGGRESSIVE;
				CLANG_WARN_UNREACHABLE_CODE = YES;
				CLANG_WARN__DUPLICATE_METHOD_MATCH = YES;
				COPY_PHASE_STRIP = NO;
				DEBUG_INFORMATION_FORMAT = dwarf;
				ENABLE_STRICT_OBJC_MSGSEND = YES;
				ENABLE_TESTABILITY = YES;
				GCC_C_LANGUAGE_STANDARD = gnu11;
				GCC_DYNAMIC_NO_PIC = NO;
				GCC_NO_COMMON_BLOCKS = YES;
				GCC_OPTIMIZATION_LEVEL = 0;
				GCC_PREPROCESSOR_DEFINITIONS = (
					"DEBUG=1",
					"$(inherited)",
				);
				GCC_WARN_64_TO_32_BIT_CONVERSION = YES;
				GCC_WARN_ABOUT_RETURN_TYPE = YES_ERROR;
				GCC_WARN_UNDECLARED_SELECTOR = YES;
				GCC_WARN_UNINITIALIZED_AUTOS = YES_AGGRESSIVE;
				GCC_WARN_UNUSED_FUNCTION = YES;
				GCC_WARN_UNUSED_VARIABLE = YES;
				IPHONEOS_DEPLOYMENT_TARGET = 16.0;
				MTL_ENABLE_DEBUG_INFO = INCLUDE_SOURCE;
				MTL_FAST_MATH = YES;
				ONLY_ACTIVE_ARCH = YES;
				SDKROOT = iphoneos;
				SWIFT_ACTIVE_COMPILATION_CONDITIONS = DEBUG;
				SWIFT_OPTIMIZATION_LEVEL = "-Onone";
			};
			name = Debug;
		};
		9B4F6CA028ED567200770843 /* Release */ = {
			isa = XCBuildConfiguration;
			buildSettings = {
				ALWAYS_SEARCH_USER_PATHS = NO;
				CLANG_ANALYZER_NONNULL = YES;
				CLANG_ANALYZER_NUMBER_OBJECT_CONVERSION = YES_AGGRESSIVE;
				CLANG_CXX_LANGUAGE_STANDARD = "gnu++20";
				CLANG_ENABLE_MODULES = YES;
				CLANG_ENABLE_OBJC_ARC = YES;
				CLANG_ENABLE_OBJC_WEAK = YES;
				CLANG_WARN_BLOCK_CAPTURE_AUTORELEASING = YES;
				CLANG_WARN_BOOL_CONVERSION = YES;
				CLANG_WARN_COMMA = YES;
				CLANG_WARN_CONSTANT_CONVERSION = YES;
				CLANG_WARN_DEPRECATED_OBJC_IMPLEMENTATIONS = YES;
				CLANG_WARN_DIRECT_OBJC_ISA_USAGE = YES_ERROR;
				CLANG_WARN_DOCUMENTATION_COMMENTS = YES;
				CLANG_WARN_EMPTY_BODY = YES;
				CLANG_WARN_ENUM_CONVERSION = YES;
				CLANG_WARN_INFINITE_RECURSION = YES;
				CLANG_WARN_INT_CONVERSION = YES;
				CLANG_WARN_NON_LITERAL_NULL_CONVERSION = YES;
				CLANG_WARN_OBJC_IMPLICIT_RETAIN_SELF = YES;
				CLANG_WARN_OBJC_LITERAL_CONVERSION = YES;
				CLANG_WARN_OBJC_ROOT_CLASS = YES_ERROR;
				CLANG_WARN_QUOTED_INCLUDE_IN_FRAMEWORK_HEADER = YES;
				CLANG_WARN_RANGE_LOOP_ANALYSIS = YES;
				CLANG_WARN_STRICT_PROTOTYPES = YES;
				CLANG_WARN_SUSPICIOUS_MOVE = YES;
				CLANG_WARN_UNGUARDED_AVAILABILITY = YES_AGGRESSIVE;
				CLANG_WARN_UNREACHABLE_CODE = YES;
				CLANG_WARN__DUPLICATE_METHOD_MATCH = YES;
				COPY_PHASE_STRIP = NO;
				DEBUG_INFORMATION_FORMAT = "dwarf-with-dsym";
				ENABLE_NS_ASSERTIONS = NO;
				ENABLE_STRICT_OBJC_MSGSEND = YES;
				GCC_C_LANGUAGE_STANDARD = gnu11;
				GCC_NO_COMMON_BLOCKS = YES;
				GCC_WARN_64_TO_32_BIT_CONVERSION = YES;
				GCC_WARN_ABOUT_RETURN_TYPE = YES_ERROR;
				GCC_WARN_UNDECLARED_SELECTOR = YES;
				GCC_WARN_UNINITIALIZED_AUTOS = YES_AGGRESSIVE;
				GCC_WARN_UNUSED_FUNCTION = YES;
				GCC_WARN_UNUSED_VARIABLE = YES;
				IPHONEOS_DEPLOYMENT_TARGET = 16.0;
				MTL_ENABLE_DEBUG_INFO = NO;
				MTL_FAST_MATH = YES;
				SDKROOT = iphoneos;
				SWIFT_COMPILATION_MODE = wholemodule;
				SWIFT_OPTIMIZATION_LEVEL = "-O";
				VALIDATE_PRODUCT = YES;
			};
			name = Release;
		};
		9B4F6CA228ED567200770843 /* Debug */ = {
			isa = XCBuildConfiguration;
			buildSettings = {
				ASSETCATALOG_COMPILER_APPICON_NAME = AppIcon;
				ASSETCATALOG_COMPILER_GLOBAL_ACCENT_COLOR_NAME = AccentColor;
				CODE_SIGN_STYLE = Automatic;
				CURRENT_PROJECT_VERSION = 1;
				DEVELOPMENT_TEAM = DR2C4G73MR;
				GENERATE_INFOPLIST_FILE = YES;
				INFOPLIST_FILE = CoordinatorPatern/Info.plist;
				INFOPLIST_KEY_UIApplicationSupportsIndirectInputEvents = YES;
				INFOPLIST_KEY_UILaunchStoryboardName = LaunchScreen;
				INFOPLIST_KEY_UIMainStoryboardFile = "";
				INFOPLIST_KEY_UISupportedInterfaceOrientations_iPad = "UIInterfaceOrientationPortrait UIInterfaceOrientationPortraitUpsideDown UIInterfaceOrientationLandscapeLeft UIInterfaceOrientationLandscapeRight";
				INFOPLIST_KEY_UISupportedInterfaceOrientations_iPhone = "UIInterfaceOrientationPortrait UIInterfaceOrientationLandscapeLeft UIInterfaceOrientationLandscapeRight";
				LD_RUNPATH_SEARCH_PATHS = (
					"$(inherited)",
					"@executable_path/Frameworks",
				);
				MARKETING_VERSION = 1.0;
				PRODUCT_BUNDLE_IDENTIFIER = yangjs.CoordinatorPatern;
				PRODUCT_NAME = "$(TARGET_NAME)";
				SWIFT_EMIT_LOC_STRINGS = YES;
				SWIFT_VERSION = 5.0;
				TARGETED_DEVICE_FAMILY = "1,2";
			};
			name = Debug;
		};
		9B4F6CA328ED567200770843 /* Release */ = {
			isa = XCBuildConfiguration;
			buildSettings = {
				ASSETCATALOG_COMPILER_APPICON_NAME = AppIcon;
				ASSETCATALOG_COMPILER_GLOBAL_ACCENT_COLOR_NAME = AccentColor;
				CODE_SIGN_STYLE = Automatic;
				CURRENT_PROJECT_VERSION = 1;
				DEVELOPMENT_TEAM = DR2C4G73MR;
				GENERATE_INFOPLIST_FILE = YES;
				INFOPLIST_FILE = CoordinatorPatern/Info.plist;
				INFOPLIST_KEY_UIApplicationSupportsIndirectInputEvents = YES;
				INFOPLIST_KEY_UILaunchStoryboardName = LaunchScreen;
				INFOPLIST_KEY_UIMainStoryboardFile = "";
				INFOPLIST_KEY_UISupportedInterfaceOrientations_iPad = "UIInterfaceOrientationPortrait UIInterfaceOrientationPortraitUpsideDown UIInterfaceOrientationLandscapeLeft UIInterfaceOrientationLandscapeRight";
				INFOPLIST_KEY_UISupportedInterfaceOrientations_iPhone = "UIInterfaceOrientationPortrait UIInterfaceOrientationLandscapeLeft UIInterfaceOrientationLandscapeRight";
				LD_RUNPATH_SEARCH_PATHS = (
					"$(inherited)",
					"@executable_path/Frameworks",
				);
				MARKETING_VERSION = 1.0;
				PRODUCT_BUNDLE_IDENTIFIER = yangjs.CoordinatorPatern;
				PRODUCT_NAME = "$(TARGET_NAME)";
				SWIFT_EMIT_LOC_STRINGS = YES;
				SWIFT_VERSION = 5.0;
				TARGETED_DEVICE_FAMILY = "1,2";
			};
			name = Release;
		};
/* End XCBuildConfiguration section */

/* Begin XCConfigurationList section */
		9B4F6C8828ED567200770843 /* Build configuration list for PBXProject "CoordinatorPatern" */ = {
			isa = XCConfigurationList;
			buildConfigurations = (
				9B4F6C9F28ED567200770843 /* Debug */,
				9B4F6CA028ED567200770843 /* Release */,
			);
			defaultConfigurationIsVisible = 0;
			defaultConfigurationName = Release;
		};
		9B4F6CA128ED567200770843 /* Build configuration list for PBXNativeTarget "CoordinatorPatern" */ = {
			isa = XCConfigurationList;
			buildConfigurations = (
				9B4F6CA228ED567200770843 /* Debug */,
				9B4F6CA328ED567200770843 /* Release */,
			);
			defaultConfigurationIsVisible = 0;
			defaultConfigurationName = Release;
		};
/* End XCConfigurationList section */

/* Begin XCRemoteSwiftPackageReference section */
		9B4F6CAE28ED6A1A00770843 /* XCRemoteSwiftPackageReference "SnapKit" */ = {
			isa = XCRemoteSwiftPackageReference;
			repositoryURL = "https://github.com/SnapKit/SnapKit.git";
			requirement = {
				kind = upToNextMajorVersion;
				minimumVersion = 5.0.0;
			};
		};
		9B4F6CB128ED6A2C00770843 /* XCRemoteSwiftPackageReference "RxSwift" */ = {
			isa = XCRemoteSwiftPackageReference;
			repositoryURL = "https://github.com/ReactiveX/RxSwift.git";
			requirement = {
				branch = main;
				kind = branch;
			};
		};
/* End XCRemoteSwiftPackageReference section */

/* Begin XCSwiftPackageProductDependency section */
		9B4F6CAF28ED6A1A00770843 /* SnapKit */ = {
			isa = XCSwiftPackageProductDependency;
			package = 9B4F6CAE28ED6A1A00770843 /* XCRemoteSwiftPackageReference "SnapKit" */;
			productName = SnapKit;
		};
		9B4F6CB228ED6A2C00770843 /* RxBlocking */ = {
			isa = XCSwiftPackageProductDependency;
			package = 9B4F6CB128ED6A2C00770843 /* XCRemoteSwiftPackageReference "RxSwift" */;
			productName = RxBlocking;
		};
		9B4F6CB428ED6A2C00770843 /* RxCocoa */ = {
			isa = XCSwiftPackageProductDependency;
			package = 9B4F6CB128ED6A2C00770843 /* XCRemoteSwiftPackageReference "RxSwift" */;
			productName = RxCocoa;
		};
		9B4F6CB628ED6A2C00770843 /* RxRelay */ = {
			isa = XCSwiftPackageProductDependency;
			package = 9B4F6CB128ED6A2C00770843 /* XCRemoteSwiftPackageReference "RxSwift" */;
			productName = RxRelay;
		};
		9B4F6CB828ED6A2C00770843 /* RxSwift */ = {
			isa = XCSwiftPackageProductDependency;
			package = 9B4F6CB128ED6A2C00770843 /* XCRemoteSwiftPackageReference "RxSwift" */;
			productName = RxSwift;
		};
/* End XCSwiftPackageProductDependency section */
	};
	rootObject = 9B4F6C8528ED567200770843 /* Project object */;
}
