// !$*UTF8*$!
{
	archiveVersion = 1;
	classes = {
	};
	objectVersion = 55;
	objects = {

/* Begin PBXBuildFile section */
		9B1F136828A367F300EC9D9C /* AppDelegate.swift in Sources */ = {isa = PBXBuildFile; fileRef = 9B1F136728A367F300EC9D9C /* AppDelegate.swift */; };
		9B1F136A28A367F300EC9D9C /* SceneDelegate.swift in Sources */ = {isa = PBXBuildFile; fileRef = 9B1F136928A367F300EC9D9C /* SceneDelegate.swift */; };
		9B1F136F28A367F300EC9D9C /* Main.storyboard in Resources */ = {isa = PBXBuildFile; fileRef = 9B1F136D28A367F300EC9D9C /* Main.storyboard */; };
		9B1F137228A367F300EC9D9C /* RxMemoKxcoding.xcdatamodeld in Sources */ = {isa = PBXBuildFile; fileRef = 9B1F137028A367F300EC9D9C /* RxMemoKxcoding.xcdatamodeld */; };
		9B1F137428A367F400EC9D9C /* Assets.xcassets in Resources */ = {isa = PBXBuildFile; fileRef = 9B1F137328A367F400EC9D9C /* Assets.xcassets */; };
		9B1F137728A367F400EC9D9C /* LaunchScreen.storyboard in Resources */ = {isa = PBXBuildFile; fileRef = 9B1F137528A367F400EC9D9C /* LaunchScreen.storyboard */; };
		9B1F138428A3AA4400EC9D9C /* Memo.swift in Sources */ = {isa = PBXBuildFile; fileRef = 9B1F138328A3AA4400EC9D9C /* Memo.swift */; };
		9B1F138628A3AC4000EC9D9C /* MemoStorageType.swift in Sources */ = {isa = PBXBuildFile; fileRef = 9B1F138528A3AC4000EC9D9C /* MemoStorageType.swift */; };
		9B1F138928A3ACCD00EC9D9C /* CoreDataStorage.swift in Sources */ = {isa = PBXBuildFile; fileRef = 9B1F138828A3ACCD00EC9D9C /* CoreDataStorage.swift */; };
		9B1F138C28A4936800EC9D9C /* MemoStorage.swift in Sources */ = {isa = PBXBuildFile; fileRef = 9B1F138B28A4936800EC9D9C /* MemoStorage.swift */; };
		9B98EFC728A4B368009090AB /* MemoListViewcontroller.swift in Sources */ = {isa = PBXBuildFile; fileRef = 9B98EFC628A4B368009090AB /* MemoListViewcontroller.swift */; };
		9B98EFC928A4B405009090AB /* DetailViewController.swift in Sources */ = {isa = PBXBuildFile; fileRef = 9B98EFC828A4B405009090AB /* DetailViewController.swift */; };
		9B98EFCB28A4B42A009090AB /* MemoComposeViewController.swift in Sources */ = {isa = PBXBuildFile; fileRef = 9B98EFCA28A4B42A009090AB /* MemoComposeViewController.swift */; };
		9B98EFCD28A4B5D3009090AB /* MemoListViewModel.swift in Sources */ = {isa = PBXBuildFile; fileRef = 9B98EFCC28A4B5D3009090AB /* MemoListViewModel.swift */; };
		9B98EFCF28A4B605009090AB /* MemoDetailViewModel.swift in Sources */ = {isa = PBXBuildFile; fileRef = 9B98EFCE28A4B605009090AB /* MemoDetailViewModel.swift */; };
		9B98EFD128A4B61B009090AB /* MemoComposeViewModel.swift in Sources */ = {isa = PBXBuildFile; fileRef = 9B98EFD028A4B61B009090AB /* MemoComposeViewModel.swift */; };
		9B98EFD328A4B669009090AB /* ViewModelBindableType.swift in Sources */ = {isa = PBXBuildFile; fileRef = 9B98EFD228A4B669009090AB /* ViewModelBindableType.swift */; };
		9B98EFD528A53533009090AB /* TransitionModel.swift in Sources */ = {isa = PBXBuildFile; fileRef = 9B98EFD428A53533009090AB /* TransitionModel.swift */; };
		9B98EFD728A53599009090AB /* Scene.swift in Sources */ = {isa = PBXBuildFile; fileRef = 9B98EFD628A53599009090AB /* Scene.swift */; };
		9B98EFD928A543A7009090AB /* SceneCoordinatorType.swift in Sources */ = {isa = PBXBuildFile; fileRef = 9B98EFD828A543A7009090AB /* SceneCoordinatorType.swift */; };
		9B98EFDB28A5444B009090AB /* SceneCoordinator.swift in Sources */ = {isa = PBXBuildFile; fileRef = 9B98EFDA28A5444B009090AB /* SceneCoordinator.swift */; };
		B6C3647113606E2946905CE4 /* Pods_RxMemoKxcoding.framework in Frameworks */ = {isa = PBXBuildFile; fileRef = A03ACCDAFFF2497C9659CCD7 /* Pods_RxMemoKxcoding.framework */; };
/* End PBXBuildFile section */

/* Begin PBXFileReference section */
		3BE6B774C43708C4B93BCB07 /* Pods-RxMemoKxcoding.debug.xcconfig */ = {isa = PBXFileReference; includeInIndex = 1; lastKnownFileType = text.xcconfig; name = "Pods-RxMemoKxcoding.debug.xcconfig"; path = "Target Support Files/Pods-RxMemoKxcoding/Pods-RxMemoKxcoding.debug.xcconfig"; sourceTree = "<group>"; };
		9B1F136428A367F300EC9D9C /* RxMemoKxcoding.app */ = {isa = PBXFileReference; explicitFileType = wrapper.application; includeInIndex = 0; path = RxMemoKxcoding.app; sourceTree = BUILT_PRODUCTS_DIR; };
		9B1F136728A367F300EC9D9C /* AppDelegate.swift */ = {isa = PBXFileReference; lastKnownFileType = sourcecode.swift; path = AppDelegate.swift; sourceTree = "<group>"; };
		9B1F136928A367F300EC9D9C /* SceneDelegate.swift */ = {isa = PBXFileReference; lastKnownFileType = sourcecode.swift; path = SceneDelegate.swift; sourceTree = "<group>"; };
		9B1F136E28A367F300EC9D9C /* Base */ = {isa = PBXFileReference; lastKnownFileType = file.storyboard; name = Base; path = Base.lproj/Main.storyboard; sourceTree = "<group>"; };
		9B1F137128A367F300EC9D9C /* RxMemoKxcoding.xcdatamodel */ = {isa = PBXFileReference; lastKnownFileType = wrapper.xcdatamodel; path = RxMemoKxcoding.xcdatamodel; sourceTree = "<group>"; };
		9B1F137328A367F400EC9D9C /* Assets.xcassets */ = {isa = PBXFileReference; lastKnownFileType = folder.assetcatalog; path = Assets.xcassets; sourceTree = "<group>"; };
		9B1F137628A367F400EC9D9C /* Base */ = {isa = PBXFileReference; lastKnownFileType = file.storyboard; name = Base; path = Base.lproj/LaunchScreen.storyboard; sourceTree = "<group>"; };
		9B1F137828A367F400EC9D9C /* Info.plist */ = {isa = PBXFileReference; lastKnownFileType = text.plist.xml; path = Info.plist; sourceTree = "<group>"; };
		9B1F138328A3AA4400EC9D9C /* Memo.swift */ = {isa = PBXFileReference; lastKnownFileType = sourcecode.swift; path = Memo.swift; sourceTree = "<group>"; };
		9B1F138528A3AC4000EC9D9C /* MemoStorageType.swift */ = {isa = PBXFileReference; lastKnownFileType = sourcecode.swift; path = MemoStorageType.swift; sourceTree = "<group>"; };
		9B1F138828A3ACCD00EC9D9C /* CoreDataStorage.swift */ = {isa = PBXFileReference; lastKnownFileType = sourcecode.swift; path = CoreDataStorage.swift; sourceTree = "<group>"; };
		9B1F138B28A4936800EC9D9C /* MemoStorage.swift */ = {isa = PBXFileReference; lastKnownFileType = sourcecode.swift; path = MemoStorage.swift; sourceTree = "<group>"; };
		9B98EFC628A4B368009090AB /* MemoListViewcontroller.swift */ = {isa = PBXFileReference; lastKnownFileType = sourcecode.swift; path = MemoListViewcontroller.swift; sourceTree = "<group>"; };
		9B98EFC828A4B405009090AB /* DetailViewController.swift */ = {isa = PBXFileReference; lastKnownFileType = sourcecode.swift; path = DetailViewController.swift; sourceTree = "<group>"; };
		9B98EFCA28A4B42A009090AB /* MemoComposeViewController.swift */ = {isa = PBXFileReference; lastKnownFileType = sourcecode.swift; path = MemoComposeViewController.swift; sourceTree = "<group>"; };
		9B98EFCC28A4B5D3009090AB /* MemoListViewModel.swift */ = {isa = PBXFileReference; lastKnownFileType = sourcecode.swift; path = MemoListViewModel.swift; sourceTree = "<group>"; };
		9B98EFCE28A4B605009090AB /* MemoDetailViewModel.swift */ = {isa = PBXFileReference; lastKnownFileType = sourcecode.swift; path = MemoDetailViewModel.swift; sourceTree = "<group>"; };
		9B98EFD028A4B61B009090AB /* MemoComposeViewModel.swift */ = {isa = PBXFileReference; lastKnownFileType = sourcecode.swift; path = MemoComposeViewModel.swift; sourceTree = "<group>"; };
		9B98EFD228A4B669009090AB /* ViewModelBindableType.swift */ = {isa = PBXFileReference; lastKnownFileType = sourcecode.swift; path = ViewModelBindableType.swift; sourceTree = "<group>"; };
		9B98EFD428A53533009090AB /* TransitionModel.swift */ = {isa = PBXFileReference; lastKnownFileType = sourcecode.swift; path = TransitionModel.swift; sourceTree = "<group>"; };
		9B98EFD628A53599009090AB /* Scene.swift */ = {isa = PBXFileReference; lastKnownFileType = sourcecode.swift; path = Scene.swift; sourceTree = "<group>"; };
		9B98EFD828A543A7009090AB /* SceneCoordinatorType.swift */ = {isa = PBXFileReference; lastKnownFileType = sourcecode.swift; path = SceneCoordinatorType.swift; sourceTree = "<group>"; };
		9B98EFDA28A5444B009090AB /* SceneCoordinator.swift */ = {isa = PBXFileReference; lastKnownFileType = sourcecode.swift; path = SceneCoordinator.swift; sourceTree = "<group>"; };
		A03ACCDAFFF2497C9659CCD7 /* Pods_RxMemoKxcoding.framework */ = {isa = PBXFileReference; explicitFileType = wrapper.framework; includeInIndex = 0; path = Pods_RxMemoKxcoding.framework; sourceTree = BUILT_PRODUCTS_DIR; };
		A76C7002486C177F7DC78FF3 /* Pods-RxMemoKxcoding.release.xcconfig */ = {isa = PBXFileReference; includeInIndex = 1; lastKnownFileType = text.xcconfig; name = "Pods-RxMemoKxcoding.release.xcconfig"; path = "Target Support Files/Pods-RxMemoKxcoding/Pods-RxMemoKxcoding.release.xcconfig"; sourceTree = "<group>"; };
/* End PBXFileReference section */

/* Begin PBXFrameworksBuildPhase section */
		9B1F136128A367F300EC9D9C /* Frameworks */ = {
			isa = PBXFrameworksBuildPhase;
			buildActionMask = 2147483647;
			files = (
				B6C3647113606E2946905CE4 /* Pods_RxMemoKxcoding.framework in Frameworks */,
			);
			runOnlyForDeploymentPostprocessing = 0;
		};
/* End PBXFrameworksBuildPhase section */

/* Begin PBXGroup section */
		1A14E3E5FFD0D78B0F5062BC /* Frameworks */ = {
			isa = PBXGroup;
			children = (
				A03ACCDAFFF2497C9659CCD7 /* Pods_RxMemoKxcoding.framework */,
			);
			name = Frameworks;
			sourceTree = "<group>";
		};
		9B1F135B28A367F300EC9D9C = {
			isa = PBXGroup;
			children = (
				9B1F136628A367F300EC9D9C /* RxMemoKxcoding */,
				9B1F136528A367F300EC9D9C /* Products */,
				DDFA52A3C2808CBC45836CC9 /* Pods */,
				1A14E3E5FFD0D78B0F5062BC /* Frameworks */,
			);
			sourceTree = "<group>";
		};
		9B1F136528A367F300EC9D9C /* Products */ = {
			isa = PBXGroup;
			children = (
				9B1F136428A367F300EC9D9C /* RxMemoKxcoding.app */,
			);
			name = Products;
			sourceTree = "<group>";
		};
		9B1F136628A367F300EC9D9C /* RxMemoKxcoding */ = {
			isa = PBXGroup;
			children = (
				9B1F138228A3A95C00EC9D9C /* Scene */,
				9B1F138128A3A8D800EC9D9C /* Service */,
				9B1F138028A3A8BF00EC9D9C /* ViewModel */,
				9B1F137F28A3A8B300EC9D9C /* ViewController */,
				9B1F137E28A3A89D00EC9D9C /* Model */,
				9B1F136728A367F300EC9D9C /* AppDelegate.swift */,
				9B1F136928A367F300EC9D9C /* SceneDelegate.swift */,
				9B1F137328A367F400EC9D9C /* Assets.xcassets */,
				9B1F137828A367F400EC9D9C /* Info.plist */,
			);
			path = RxMemoKxcoding;
			sourceTree = "<group>";
		};
		9B1F137E28A3A89D00EC9D9C /* Model */ = {
			isa = PBXGroup;
			children = (
				9B1F138328A3AA4400EC9D9C /* Memo.swift */,
			);
			path = Model;
			sourceTree = "<group>";
		};
		9B1F137F28A3A8B300EC9D9C /* ViewController */ = {
			isa = PBXGroup;
			children = (
				9B1F136D28A367F300EC9D9C /* Main.storyboard */,
				9B1F137528A367F400EC9D9C /* LaunchScreen.storyboard */,
				9B98EFC628A4B368009090AB /* MemoListViewcontroller.swift */,
				9B98EFC828A4B405009090AB /* DetailViewController.swift */,
				9B98EFCA28A4B42A009090AB /* MemoComposeViewController.swift */,
			);
			path = ViewController;
			sourceTree = "<group>";
		};
		9B1F138028A3A8BF00EC9D9C /* ViewModel */ = {
			isa = PBXGroup;
			children = (
				9B98EFCC28A4B5D3009090AB /* MemoListViewModel.swift */,
				9B98EFCE28A4B605009090AB /* MemoDetailViewModel.swift */,
				9B98EFD028A4B61B009090AB /* MemoComposeViewModel.swift */,
				9B98EFD228A4B669009090AB /* ViewModelBindableType.swift */,
			);
			path = ViewModel;
			sourceTree = "<group>";
		};
		9B1F138128A3A8D800EC9D9C /* Service */ = {
			isa = PBXGroup;
			children = (
				9B1F138528A3AC4000EC9D9C /* MemoStorageType.swift */,
				9B1F138A28A3ACF400EC9D9C /* CoreData */,
				9B1F138728A3ACC000EC9D9C /* MemoryStorage */,
				9B1F138828A3ACCD00EC9D9C /* CoreDataStorage.swift */,
			);
			path = Service;
			sourceTree = "<group>";
		};
		9B1F138228A3A95C00EC9D9C /* Scene */ = {
			isa = PBXGroup;
			children = (
				9B98EFD428A53533009090AB /* TransitionModel.swift */,
				9B98EFD628A53599009090AB /* Scene.swift */,
				9B98EFD828A543A7009090AB /* SceneCoordinatorType.swift */,
				9B98EFDA28A5444B009090AB /* SceneCoordinator.swift */,
			);
			path = Scene;
			sourceTree = "<group>";
		};
		9B1F138728A3ACC000EC9D9C /* MemoryStorage */ = {
			isa = PBXGroup;
			children = (
				9B1F138B28A4936800EC9D9C /* MemoStorage.swift */,
			);
			path = MemoryStorage;
			sourceTree = "<group>";
		};
		9B1F138A28A3ACF400EC9D9C /* CoreData */ = {
			isa = PBXGroup;
			children = (
				9B1F137028A367F300EC9D9C /* RxMemoKxcoding.xcdatamodeld */,
			);
			path = CoreData;
			sourceTree = "<group>";
		};
		DDFA52A3C2808CBC45836CC9 /* Pods */ = {
			isa = PBXGroup;
			children = (
				3BE6B774C43708C4B93BCB07 /* Pods-RxMemoKxcoding.debug.xcconfig */,
				A76C7002486C177F7DC78FF3 /* Pods-RxMemoKxcoding.release.xcconfig */,
			);
			path = Pods;
			sourceTree = "<group>";
		};
/* End PBXGroup section */

/* Begin PBXNativeTarget section */
		9B1F136328A367F300EC9D9C /* RxMemoKxcoding */ = {
			isa = PBXNativeTarget;
			buildConfigurationList = 9B1F137B28A367F400EC9D9C /* Build configuration list for PBXNativeTarget "RxMemoKxcoding" */;
			buildPhases = (
				76440A4119691E73C5C88AE2 /* [CP] Check Pods Manifest.lock */,
				9B1F136028A367F300EC9D9C /* Sources */,
				9B1F136128A367F300EC9D9C /* Frameworks */,
				9B1F136228A367F300EC9D9C /* Resources */,
				B55CB3490D70100D5A84A573 /* [CP] Embed Pods Frameworks */,
			);
			buildRules = (
			);
			dependencies = (
			);
			name = RxMemoKxcoding;
			productName = RxMemoKxcoding;
			productReference = 9B1F136428A367F300EC9D9C /* RxMemoKxcoding.app */;
			productType = "com.apple.product-type.application";
		};
/* End PBXNativeTarget section */

/* Begin PBXProject section */
		9B1F135C28A367F300EC9D9C /* Project object */ = {
			isa = PBXProject;
			attributes = {
				BuildIndependentTargetsInParallel = 1;
				LastSwiftUpdateCheck = 1340;
				LastUpgradeCheck = 1340;
				TargetAttributes = {
					9B1F136328A367F300EC9D9C = {
						CreatedOnToolsVersion = 13.4.1;
					};
				};
			};
			buildConfigurationList = 9B1F135F28A367F300EC9D9C /* Build configuration list for PBXProject "RxMemoKxcoding" */;
			compatibilityVersion = "Xcode 13.0";
			developmentRegion = en;
			hasScannedForEncodings = 0;
			knownRegions = (
				en,
				Base,
			);
			mainGroup = 9B1F135B28A367F300EC9D9C;
			productRefGroup = 9B1F136528A367F300EC9D9C /* Products */;
			projectDirPath = "";
			projectRoot = "";
			targets = (
				9B1F136328A367F300EC9D9C /* RxMemoKxcoding */,
			);
		};
/* End PBXProject section */

/* Begin PBXResourcesBuildPhase section */
		9B1F136228A367F300EC9D9C /* Resources */ = {
			isa = PBXResourcesBuildPhase;
			buildActionMask = 2147483647;
			files = (
				9B1F137728A367F400EC9D9C /* LaunchScreen.storyboard in Resources */,
				9B1F137428A367F400EC9D9C /* Assets.xcassets in Resources */,
				9B1F136F28A367F300EC9D9C /* Main.storyboard in Resources */,
			);
			runOnlyForDeploymentPostprocessing = 0;
		};
/* End PBXResourcesBuildPhase section */

/* Begin PBXShellScriptBuildPhase section */
		76440A4119691E73C5C88AE2 /* [CP] Check Pods Manifest.lock */ = {
			isa = PBXShellScriptBuildPhase;
			buildActionMask = 2147483647;
			files = (
			);
			inputFileListPaths = (
			);
			inputPaths = (
				"${PODS_PODFILE_DIR_PATH}/Podfile.lock",
				"${PODS_ROOT}/Manifest.lock",
			);
			name = "[CP] Check Pods Manifest.lock";
			outputFileListPaths = (
			);
			outputPaths = (
				"$(DERIVED_FILE_DIR)/Pods-RxMemoKxcoding-checkManifestLockResult.txt",
			);
			runOnlyForDeploymentPostprocessing = 0;
			shellPath = /bin/sh;
			shellScript = "diff \"${PODS_PODFILE_DIR_PATH}/Podfile.lock\" \"${PODS_ROOT}/Manifest.lock\" > /dev/null\nif [ $? != 0 ] ; then\n    # print error to STDERR\n    echo \"error: The sandbox is not in sync with the Podfile.lock. Run 'pod install' or update your CocoaPods installation.\" >&2\n    exit 1\nfi\n# This output is used by Xcode 'outputs' to avoid re-running this script phase.\necho \"SUCCESS\" > \"${SCRIPT_OUTPUT_FILE_0}\"\n";
			showEnvVarsInLog = 0;
		};
		B55CB3490D70100D5A84A573 /* [CP] Embed Pods Frameworks */ = {
			isa = PBXShellScriptBuildPhase;
			buildActionMask = 2147483647;
			files = (
			);
			inputFileListPaths = (
				"${PODS_ROOT}/Target Support Files/Pods-RxMemoKxcoding/Pods-RxMemoKxcoding-frameworks-${CONFIGURATION}-input-files.xcfilelist",
			);
			name = "[CP] Embed Pods Frameworks";
			outputFileListPaths = (
				"${PODS_ROOT}/Target Support Files/Pods-RxMemoKxcoding/Pods-RxMemoKxcoding-frameworks-${CONFIGURATION}-output-files.xcfilelist",
			);
			runOnlyForDeploymentPostprocessing = 0;
			shellPath = /bin/sh;
			shellScript = "\"${PODS_ROOT}/Target Support Files/Pods-RxMemoKxcoding/Pods-RxMemoKxcoding-frameworks.sh\"\n";
			showEnvVarsInLog = 0;
		};
/* End PBXShellScriptBuildPhase section */

/* Begin PBXSourcesBuildPhase section */
		9B1F136028A367F300EC9D9C /* Sources */ = {
			isa = PBXSourcesBuildPhase;
			buildActionMask = 2147483647;
			files = (
				9B98EFC928A4B405009090AB /* DetailViewController.swift in Sources */,
				9B98EFC728A4B368009090AB /* MemoListViewcontroller.swift in Sources */,
				9B1F138928A3ACCD00EC9D9C /* CoreDataStorage.swift in Sources */,
				9B98EFD528A53533009090AB /* TransitionModel.swift in Sources */,
				9B98EFD728A53599009090AB /* Scene.swift in Sources */,
				9B1F136828A367F300EC9D9C /* AppDelegate.swift in Sources */,
				9B1F138628A3AC4000EC9D9C /* MemoStorageType.swift in Sources */,
				9B98EFD128A4B61B009090AB /* MemoComposeViewModel.swift in Sources */,
				9B98EFCF28A4B605009090AB /* MemoDetailViewModel.swift in Sources */,
				9B98EFDB28A5444B009090AB /* SceneCoordinator.swift in Sources */,
				9B1F137228A367F300EC9D9C /* RxMemoKxcoding.xcdatamodeld in Sources */,
				9B98EFD928A543A7009090AB /* SceneCoordinatorType.swift in Sources */,
				9B1F136A28A367F300EC9D9C /* SceneDelegate.swift in Sources */,
				9B98EFD328A4B669009090AB /* ViewModelBindableType.swift in Sources */,
				9B1F138428A3AA4400EC9D9C /* Memo.swift in Sources */,
				9B1F138C28A4936800EC9D9C /* MemoStorage.swift in Sources */,
				9B98EFCD28A4B5D3009090AB /* MemoListViewModel.swift in Sources */,
				9B98EFCB28A4B42A009090AB /* MemoComposeViewController.swift in Sources */,
			);
			runOnlyForDeploymentPostprocessing = 0;
		};
/* End PBXSourcesBuildPhase section */

/* Begin PBXVariantGroup section */
		9B1F136D28A367F300EC9D9C /* Main.storyboard */ = {
			isa = PBXVariantGroup;
			children = (
				9B1F136E28A367F300EC9D9C /* Base */,
			);
			name = Main.storyboard;
			sourceTree = "<group>";
		};
		9B1F137528A367F400EC9D9C /* LaunchScreen.storyboard */ = {
			isa = PBXVariantGroup;
			children = (
				9B1F137628A367F400EC9D9C /* Base */,
			);
			name = LaunchScreen.storyboard;
			sourceTree = "<group>";
		};
/* End PBXVariantGroup section */

/* Begin XCBuildConfiguration section */
		9B1F137928A367F400EC9D9C /* Debug */ = {
			isa = XCBuildConfiguration;
			buildSettings = {
				ALWAYS_SEARCH_USER_PATHS = NO;
				CLANG_ANALYZER_NONNULL = YES;
				CLANG_ANALYZER_NUMBER_OBJECT_CONVERSION = YES_AGGRESSIVE;
				CLANG_CXX_LANGUAGE_STANDARD = "gnu++17";
				CLANG_ENABLE_MODULES = YES;
				CLANG_ENABLE_OBJC_ARC = YES;
				CLANG_ENABLE_OBJC_WEAK = YES;
				CLANG_WARN_BLOCK_CAPTURE_AUTORELEASING = YES;
				CLANG_WARN_BOOL_CONVERSION = YES;
				CLANG_WARN_COMMA = YES;
				CLANG_WARN_CONSTANT_CONVERSION = YES;
				CLANG_WARN_DEPRECATED_OBJC_IMPLEMENTATIONS = YES;
				CLANG_WARN_DIRECT_OBJC_ISA_USAGE = YES_ERROR;
				CLANG_WARN_DOCUMENTATION_COMMENTS = YES;
				CLANG_WARN_EMPTY_BODY = YES;
				CLANG_WARN_ENUM_CONVERSION = YES;
				CLANG_WARN_INFINITE_RECURSION = YES;
				CLANG_WARN_INT_CONVERSION = YES;
				CLANG_WARN_NON_LITERAL_NULL_CONVERSION = YES;
				CLANG_WARN_OBJC_IMPLICIT_RETAIN_SELF = YES;
				CLANG_WARN_OBJC_LITERAL_CONVERSION = YES;
				CLANG_WARN_OBJC_ROOT_CLASS = YES_ERROR;
				CLANG_WARN_QUOTED_INCLUDE_IN_FRAMEWORK_HEADER = YES;
				CLANG_WARN_RANGE_LOOP_ANALYSIS = YES;
				CLANG_WARN_STRICT_PROTOTYPES = YES;
				CLANG_WARN_SUSPICIOUS_MOVE = YES;
				CLANG_WARN_UNGUARDED_AVAILABILITY = YES_AGGRESSIVE;
				CLANG_WARN_UNREACHABLE_CODE = YES;
				CLANG_WARN__DUPLICATE_METHOD_MATCH = YES;
				COPY_PHASE_STRIP = NO;
				DEBUG_INFORMATION_FORMAT = dwarf;
				ENABLE_STRICT_OBJC_MSGSEND = YES;
				ENABLE_TESTABILITY = YES;
				GCC_C_LANGUAGE_STANDARD = gnu11;
				GCC_DYNAMIC_NO_PIC = NO;
				GCC_NO_COMMON_BLOCKS = YES;
				GCC_OPTIMIZATION_LEVEL = 0;
				GCC_PREPROCESSOR_DEFINITIONS = (
					"DEBUG=1",
					"$(inherited)",
				);
				GCC_WARN_64_TO_32_BIT_CONVERSION = YES;
				GCC_WARN_ABOUT_RETURN_TYPE = YES_ERROR;
				GCC_WARN_UNDECLARED_SELECTOR = YES;
				GCC_WARN_UNINITIALIZED_AUTOS = YES_AGGRESSIVE;
				GCC_WARN_UNUSED_FUNCTION = YES;
				GCC_WARN_UNUSED_VARIABLE = YES;
				IPHONEOS_DEPLOYMENT_TARGET = 13;
				MTL_ENABLE_DEBUG_INFO = INCLUDE_SOURCE;
				MTL_FAST_MATH = YES;
				ONLY_ACTIVE_ARCH = YES;
				SDKROOT = iphoneos;
				SWIFT_ACTIVE_COMPILATION_CONDITIONS = DEBUG;
				SWIFT_OPTIMIZATION_LEVEL = "-Onone";
			};
			name = Debug;
		};
		9B1F137A28A367F400EC9D9C /* Release */ = {
			isa = XCBuildConfiguration;
			buildSettings = {
				ALWAYS_SEARCH_USER_PATHS = NO;
				CLANG_ANALYZER_NONNULL = YES;
				CLANG_ANALYZER_NUMBER_OBJECT_CONVERSION = YES_AGGRESSIVE;
				CLANG_CXX_LANGUAGE_STANDARD = "gnu++17";
				CLANG_ENABLE_MODULES = YES;
				CLANG_ENABLE_OBJC_ARC = YES;
				CLANG_ENABLE_OBJC_WEAK = YES;
				CLANG_WARN_BLOCK_CAPTURE_AUTORELEASING = YES;
				CLANG_WARN_BOOL_CONVERSION = YES;
				CLANG_WARN_COMMA = YES;
				CLANG_WARN_CONSTANT_CONVERSION = YES;
				CLANG_WARN_DEPRECATED_OBJC_IMPLEMENTATIONS = YES;
				CLANG_WARN_DIRECT_OBJC_ISA_USAGE = YES_ERROR;
				CLANG_WARN_DOCUMENTATION_COMMENTS = YES;
				CLANG_WARN_EMPTY_BODY = YES;
				CLANG_WARN_ENUM_CONVERSION = YES;
				CLANG_WARN_INFINITE_RECURSION = YES;
				CLANG_WARN_INT_CONVERSION = YES;
				CLANG_WARN_NON_LITERAL_NULL_CONVERSION = YES;
				CLANG_WARN_OBJC_IMPLICIT_RETAIN_SELF = YES;
				CLANG_WARN_OBJC_LITERAL_CONVERSION = YES;
				CLANG_WARN_OBJC_ROOT_CLASS = YES_ERROR;
				CLANG_WARN_QUOTED_INCLUDE_IN_FRAMEWORK_HEADER = YES;
				CLANG_WARN_RANGE_LOOP_ANALYSIS = YES;
				CLANG_WARN_STRICT_PROTOTYPES = YES;
				CLANG_WARN_SUSPICIOUS_MOVE = YES;
				CLANG_WARN_UNGUARDED_AVAILABILITY = YES_AGGRESSIVE;
				CLANG_WARN_UNREACHABLE_CODE = YES;
				CLANG_WARN__DUPLICATE_METHOD_MATCH = YES;
				COPY_PHASE_STRIP = NO;
				DEBUG_INFORMATION_FORMAT = "dwarf-with-dsym";
				ENABLE_NS_ASSERTIONS = NO;
				ENABLE_STRICT_OBJC_MSGSEND = YES;
				GCC_C_LANGUAGE_STANDARD = gnu11;
				GCC_NO_COMMON_BLOCKS = YES;
				GCC_WARN_64_TO_32_BIT_CONVERSION = YES;
				GCC_WARN_ABOUT_RETURN_TYPE = YES_ERROR;
				GCC_WARN_UNDECLARED_SELECTOR = YES;
				GCC_WARN_UNINITIALIZED_AUTOS = YES_AGGRESSIVE;
				GCC_WARN_UNUSED_FUNCTION = YES;
				GCC_WARN_UNUSED_VARIABLE = YES;
				IPHONEOS_DEPLOYMENT_TARGET = 13;
				MTL_ENABLE_DEBUG_INFO = NO;
				MTL_FAST_MATH = YES;
				SDKROOT = iphoneos;
				SWIFT_COMPILATION_MODE = wholemodule;
				SWIFT_OPTIMIZATION_LEVEL = "-O";
				VALIDATE_PRODUCT = YES;
			};
			name = Release;
		};
		9B1F137C28A367F400EC9D9C /* Debug */ = {
			isa = XCBuildConfiguration;
			baseConfigurationReference = 3BE6B774C43708C4B93BCB07 /* Pods-RxMemoKxcoding.debug.xcconfig */;
			buildSettings = {
				ASSETCATALOG_COMPILER_APPICON_NAME = AppIcon;
				ASSETCATALOG_COMPILER_GLOBAL_ACCENT_COLOR_NAME = AccentColor;
				CODE_SIGN_STYLE = Automatic;
				CURRENT_PROJECT_VERSION = 1;
				DEVELOPMENT_TEAM = DR2C4G73MR;
				GENERATE_INFOPLIST_FILE = YES;
				INFOPLIST_FILE = RxMemoKxcoding/Info.plist;
				INFOPLIST_KEY_UIApplicationSupportsIndirectInputEvents = YES;
				INFOPLIST_KEY_UILaunchStoryboardName = LaunchScreen;
				INFOPLIST_KEY_UIMainStoryboardFile = Main;
				INFOPLIST_KEY_UISupportedInterfaceOrientations_iPad = "UIInterfaceOrientationPortrait UIInterfaceOrientationPortraitUpsideDown UIInterfaceOrientationLandscapeLeft UIInterfaceOrientationLandscapeRight";
				INFOPLIST_KEY_UISupportedInterfaceOrientations_iPhone = "UIInterfaceOrientationPortrait UIInterfaceOrientationLandscapeLeft UIInterfaceOrientationLandscapeRight";
				LD_RUNPATH_SEARCH_PATHS = (
					"$(inherited)",
					"@executable_path/Frameworks",
				);
				MARKETING_VERSION = 1.0;
				PRODUCT_BUNDLE_IDENTIFIER = yangjs.RxMemoKxcoding;
				PRODUCT_NAME = "$(TARGET_NAME)";
				SWIFT_EMIT_LOC_STRINGS = YES;
				SWIFT_VERSION = 5.0;
				TARGETED_DEVICE_FAMILY = "1,2";
			};
			name = Debug;
		};
		9B1F137D28A367F400EC9D9C /* Release */ = {
			isa = XCBuildConfiguration;
			baseConfigurationReference = A76C7002486C177F7DC78FF3 /* Pods-RxMemoKxcoding.release.xcconfig */;
			buildSettings = {
				ASSETCATALOG_COMPILER_APPICON_NAME = AppIcon;
				ASSETCATALOG_COMPILER_GLOBAL_ACCENT_COLOR_NAME = AccentColor;
				CODE_SIGN_STYLE = Automatic;
				CURRENT_PROJECT_VERSION = 1;
				DEVELOPMENT_TEAM = DR2C4G73MR;
				GENERATE_INFOPLIST_FILE = YES;
				INFOPLIST_FILE = RxMemoKxcoding/Info.plist;
				INFOPLIST_KEY_UIApplicationSupportsIndirectInputEvents = YES;
				INFOPLIST_KEY_UILaunchStoryboardName = LaunchScreen;
				INFOPLIST_KEY_UIMainStoryboardFile = Main;
				INFOPLIST_KEY_UISupportedInterfaceOrientations_iPad = "UIInterfaceOrientationPortrait UIInterfaceOrientationPortraitUpsideDown UIInterfaceOrientationLandscapeLeft UIInterfaceOrientationLandscapeRight";
				INFOPLIST_KEY_UISupportedInterfaceOrientations_iPhone = "UIInterfaceOrientationPortrait UIInterfaceOrientationLandscapeLeft UIInterfaceOrientationLandscapeRight";
				LD_RUNPATH_SEARCH_PATHS = (
					"$(inherited)",
					"@executable_path/Frameworks",
				);
				MARKETING_VERSION = 1.0;
				PRODUCT_BUNDLE_IDENTIFIER = yangjs.RxMemoKxcoding;
				PRODUCT_NAME = "$(TARGET_NAME)";
				SWIFT_EMIT_LOC_STRINGS = YES;
				SWIFT_VERSION = 5.0;
				TARGETED_DEVICE_FAMILY = "1,2";
			};
			name = Release;
		};
/* End XCBuildConfiguration section */

/* Begin XCConfigurationList section */
		9B1F135F28A367F300EC9D9C /* Build configuration list for PBXProject "RxMemoKxcoding" */ = {
			isa = XCConfigurationList;
			buildConfigurations = (
				9B1F137928A367F400EC9D9C /* Debug */,
				9B1F137A28A367F400EC9D9C /* Release */,
			);
			defaultConfigurationIsVisible = 0;
			defaultConfigurationName = Release;
		};
		9B1F137B28A367F400EC9D9C /* Build configuration list for PBXNativeTarget "RxMemoKxcoding" */ = {
			isa = XCConfigurationList;
			buildConfigurations = (
				9B1F137C28A367F400EC9D9C /* Debug */,
				9B1F137D28A367F400EC9D9C /* Release */,
			);
			defaultConfigurationIsVisible = 0;
			defaultConfigurationName = Release;
		};
/* End XCConfigurationList section */

/* Begin XCVersionGroup section */
		9B1F137028A367F300EC9D9C /* RxMemoKxcoding.xcdatamodeld */ = {
			isa = XCVersionGroup;
			children = (
				9B1F137128A367F300EC9D9C /* RxMemoKxcoding.xcdatamodel */,
			);
			currentVersion = 9B1F137128A367F300EC9D9C /* RxMemoKxcoding.xcdatamodel */;
			path = RxMemoKxcoding.xcdatamodeld;
			sourceTree = "<group>";
			versionGroupType = wrapper.xcdatamodel;
		};
/* End XCVersionGroup section */
	};
	rootObject = 9B1F135C28A367F300EC9D9C /* Project object */;
}
